
Microsoft Visual Studio Solution File, Format Version 12.00
# Visual Studio Version 16
VisualStudioVersion = 16.0.30114.105
MinimumVisualStudioVersion = 15.0.26124.0
Project("{9A19103F-16F7-4668-BE54-9A1E7A4F7556}") = "Todo.API", "src\Todo\Todo.API.csproj", "{FED95D9E-AD10-4CE8-B45F-27CA9E683FC9}"
EndProject
Project("{9A19103F-16F7-4668-BE54-9A1E7A4F7556}") = "Todo.DAL", "src\Todo.DAL\Todo.DAL.csproj", "{BAAD9DEA-1140-46A4-8570-95D0E092E480}"
EndProject
Project("{9A19103F-16F7-4668-BE54-9A1E7A4F7556}") = "Todo.Domain", "src\Todo.Service\Todo.Domain.csproj", "{0813C4DA-74A4-403C-B76A-C21D113ED4A4}"
EndProject
Project("{9A19103F-16F7-4668-BE54-9A1E7A4F7556}") = "Todo.API.Tests", "test\Todo.API.Tests\Todo.API.Tests.csproj", "{FA6124C5-C5A3-4985-A15F-03B025F3D076}"
EndProject
Project("{9A19103F-16F7-4668-BE54-9A1E7A4F7556}") = "Todo.DAL.Tests", "test\Todo.DAL.Tests\Todo.DAL.Tests.csproj", "{F4906357-B8B5-4644-A202-EAFCE03490C6}"
EndProject
Project("{9A19103F-16F7-4668-BE54-9A1E7A4F7556}") = "Todo.Domain.Tests", "test\Todo.Domain.Tests\Todo.Domain.Tests.csproj", "{0CF53295-B103-46A0-82D7-0070875AF86B}"
EndProject
Project("{9A19103F-16F7-4668-BE54-9A1E7A4F7556}") = "Todo.API.IntegrationTests", "test\Todo.API.IntegrationTests\Todo.API.IntegrationTests.csproj", "{B7C868FB-A236-44C3-A08F-EA2946729EE8}"
EndProject
Project("{FAE04EC0-301F-11D3-BF4B-00C04F79EFBC}") = "Todo.Domain.TestHelpers", "Todo.Domain.TestHelpers\Todo.Domain.TestHelpers.csproj", "{A97E45F2-1E58-4693-93F3-6135CF4CB67F}"
EndProject
Global
	GlobalSection(SolutionConfigurationPlatforms) = preSolution
		Debug|Any CPU = Debug|Any CPU
		Release|Any CPU = Release|Any CPU
	EndGlobalSection
	GlobalSection(ProjectConfigurationPlatforms) = postSolution
		{FED95D9E-AD10-4CE8-B45F-27CA9E683FC9}.Debug|Any CPU.ActiveCfg = Debug|Any CPU
		{FED95D9E-AD10-4CE8-B45F-27CA9E683FC9}.Debug|Any CPU.Build.0 = Debug|Any CPU
		{FED95D9E-AD10-4CE8-B45F-27CA9E683FC9}.Release|Any CPU.ActiveCfg = Release|Any CPU
		{FED95D9E-AD10-4CE8-B45F-27CA9E683FC9}.Release|Any CPU.Build.0 = Release|Any CPU
		{BAAD9DEA-1140-46A4-8570-95D0E092E480}.Debug|Any CPU.ActiveCfg = Debug|Any CPU
		{BAAD9DEA-1140-46A4-8570-95D0E092E480}.Debug|Any CPU.Build.0 = Debug|Any CPU
		{BAAD9DEA-1140-46A4-8570-95D0E092E480}.Release|Any CPU.ActiveCfg = Release|Any CPU
		{BAAD9DEA-1140-46A4-8570-95D0E092E480}.Release|Any CPU.Build.0 = Release|Any CPU
		{0813C4DA-74A4-403C-B76A-C21D113ED4A4}.Debug|Any CPU.ActiveCfg = Debug|Any CPU
		{0813C4DA-74A4-403C-B76A-C21D113ED4A4}.Debug|Any CPU.Build.0 = Debug|Any CPU
		{0813C4DA-74A4-403C-B76A-C21D113ED4A4}.Release|Any CPU.ActiveCfg = Release|Any CPU
		{0813C4DA-74A4-403C-B76A-C21D113ED4A4}.Release|Any CPU.Build.0 = Release|Any CPU
		{FA6124C5-C5A3-4985-A15F-03B025F3D076}.Debug|Any CPU.ActiveCfg = Debug|Any CPU
		{FA6124C5-C5A3-4985-A15F-03B025F3D076}.Debug|Any CPU.Build.0 = Debug|Any CPU
		{FA6124C5-C5A3-4985-A15F-03B025F3D076}.Release|Any CPU.ActiveCfg = Release|Any CPU
		{FA6124C5-C5A3-4985-A15F-03B025F3D076}.Release|Any CPU.Build.0 = Release|Any CPU
		{F4906357-B8B5-4644-A202-EAFCE03490C6}.Debug|Any CPU.ActiveCfg = Debug|Any CPU
		{F4906357-B8B5-4644-A202-EAFCE03490C6}.Debug|Any CPU.Build.0 = Debug|Any CPU
		{F4906357-B8B5-4644-A202-EAFCE03490C6}.Release|Any CPU.ActiveCfg = Release|Any CPU
		{F4906357-B8B5-4644-A202-EAFCE03490C6}.Release|Any CPU.Build.0 = Release|Any CPU
		{0CF53295-B103-46A0-82D7-0070875AF86B}.Debug|Any CPU.ActiveCfg = Debug|Any CPU
		{0CF53295-B103-46A0-82D7-0070875AF86B}.Debug|Any CPU.Build.0 = Debug|Any CPU
		{0CF53295-B103-46A0-82D7-0070875AF86B}.Release|Any CPU.ActiveCfg = Release|Any CPU
		{0CF53295-B103-46A0-82D7-0070875AF86B}.Release|Any CPU.Build.0 = Release|Any CPU
		{B7C868FB-A236-44C3-A08F-EA2946729EE8}.Debug|Any CPU.ActiveCfg = Debug|Any CPU
		{B7C868FB-A236-44C3-A08F-EA2946729EE8}.Debug|Any CPU.Build.0 = Debug|Any CPU
		{B7C868FB-A236-44C3-A08F-EA2946729EE8}.Release|Any CPU.ActiveCfg = Release|Any CPU
		{B7C868FB-A236-44C3-A08F-EA2946729EE8}.Release|Any CPU.Build.0 = Release|Any CPU
		{A97E45F2-1E58-4693-93F3-6135CF4CB67F}.Debug|Any CPU.ActiveCfg = Debug|Any CPU
		{A97E45F2-1E58-4693-93F3-6135CF4CB67F}.Debug|Any CPU.Build.0 = Debug|Any CPU
		{A97E45F2-1E58-4693-93F3-6135CF4CB67F}.Release|Any CPU.ActiveCfg = Release|Any CPU
		{A97E45F2-1E58-4693-93F3-6135CF4CB67F}.Release|Any CPU.Build.0 = Release|Any CPU
	EndGlobalSection
	GlobalSection(SolutionProperties) = preSolution
		HideSolutionNode = FALSE
	EndGlobalSection
	GlobalSection(ExtensibilityGlobals) = postSolution
		SolutionGuid = {F222D248-DB13-43CB-8289-4FD229442603}
	EndGlobalSection
EndGlobal
